
Microsoft Visual Studio Solution File, Format Version 12.00
# Visual Studio Version 17
VisualStudioVersion = 17.3.32929.385
MinimumVisualStudioVersion = 10.0.40219.1
Project("{9A19103F-16F7-4668-BE54-9A1E7A4F7556}") = "TrackerLibrary", "TrackerLibrary\TrackerLibrary.csproj", "{0A8F0D89-B24B-4E94-8815-370837660653}"
EndProject
Project("{FAE04EC0-301F-11D3-BF4B-00C04F79EFBC}") = "TrackerUIFixed", "TrackerUIFixed\TrackerUIFixed.csproj", "{94D2CC54-4293-4AA3-BEE3-155A68CB7AC9}"
EndProject
Global
	GlobalSection(SolutionConfigurationPlatforms) = preSolution
		Debug|Any CPU = Debug|Any CPU
		Release|Any CPU = Release|Any CPU
	EndGlobalSection
	GlobalSection(ProjectConfigurationPlatforms) = postSolution
		{0A8F0D89-B24B-4E94-8815-370837660653}.Debug|Any CPU.ActiveCfg = Debug|Any CPU
		{0A8F0D89-B24B-4E94-8815-370837660653}.Debug|Any CPU.Build.0 = Debug|Any CPU
		{0A8F0D89-B24B-4E94-8815-370837660653}.Release|Any CPU.ActiveCfg = Release|Any CPU
		{0A8F0D89-B24B-4E94-8815-370837660653}.Release|Any CPU.Build.0 = Release|Any CPU
		{94D2CC54-4293-4AA3-BEE3-155A68CB7AC9}.Debug|Any CPU.ActiveCfg = Debug|Any CPU
		{94D2CC54-4293-4AA3-BEE3-155A68CB7AC9}.Debug|Any CPU.Build.0 = Debug|Any CPU
		{94D2CC54-4293-4AA3-BEE3-155A68CB7AC9}.Release|Any CPU.ActiveCfg = Release|Any CPU
		{94D2CC54-4293-4AA3-BEE3-155A68CB7AC9}.Release|Any CPU.Build.0 = Release|Any CPU
	EndGlobalSection
	GlobalSection(SolutionProperties) = preSolution
		HideSolutionNode = FALSE
	EndGlobalSection
	GlobalSection(ExtensibilityGlobals) = postSolution
		SolutionGuid = {1A240640-0DF7-4CDC-B16F-956CAE96F3A4}
	EndGlobalSection
EndGlobal
